// !$*UTF8*$!
{
	archiveVersion = 1;
	classes = {
	};
	objectVersion = 50;
	objects = {

/* Begin PBXBuildFile section */
		28FDAA282200566B005FE326 /* AppDelegate.m in Sources */ = {isa = PBXBuildFile; fileRef = 28FDAA272200566B005FE326 /* AppDelegate.m */; };
		28FDAA2E2200566B005FE326 /* Main.storyboard in Resources */ = {isa = PBXBuildFile; fileRef = 28FDAA2C2200566B005FE326 /* Main.storyboard */; };
		28FDAA3022005671005FE326 /* Assets.xcassets in Resources */ = {isa = PBXBuildFile; fileRef = 28FDAA2F22005671005FE326 /* Assets.xcassets */; };
		28FDAA3322005671005FE326 /* LaunchScreen.storyboard in Resources */ = {isa = PBXBuildFile; fileRef = 28FDAA3122005671005FE326 /* LaunchScreen.storyboard */; };
		28FDAA3622005671005FE326 /* main.m in Sources */ = {isa = PBXBuildFile; fileRef = 28FDAA3522005671005FE326 /* main.m */; };
		28FDAA3E220056F5005FE326 /* MulticlassTableViewController.m in Sources */ = {isa = PBXBuildFile; fileRef = 28FDAA3D220056F5005FE326 /* MulticlassTableViewController.m */; };
		28FDAA4122005ABC005FE326 /* BrownTableViewCell.m in Sources */ = {isa = PBXBuildFile; fileRef = 28FDAA4022005ABC005FE326 /* BrownTableViewCell.m */; };
		28FDAA4422007E15005FE326 /* Horse.m in Sources */ = {isa = PBXBuildFile; fileRef = 28FDAA4322007E15005FE326 /* Horse.m */; };
		28FDAA4722009E27005FE326 /* DetailViewController.m in Sources */ = {isa = PBXBuildFile; fileRef = 28FDAA4622009E27005FE326 /* DetailViewController.m */; };
		28FDAA4A2201A588005FE326 /* SwitchTableViewCell.m in Sources */ = {isa = PBXBuildFile; fileRef = 28FDAA492201A588005FE326 /* SwitchTableViewCell.m */; };
/* End PBXBuildFile section */

/* Begin PBXFileReference section */
		28FDAA232200566B005FE326 /* MulticlassTable.app */ = {isa = PBXFileReference; explicitFileType = wrapper.application; includeInIndex = 0; path = MulticlassTable.app; sourceTree = BUILT_PRODUCTS_DIR; };
		28FDAA262200566B005FE326 /* AppDelegate.h */ = {isa = PBXFileReference; lastKnownFileType = sourcecode.c.h; path = AppDelegate.h; sourceTree = "<group>"; };
		28FDAA272200566B005FE326 /* AppDelegate.m */ = {isa = PBXFileReference; lastKnownFileType = sourcecode.c.objc; path = AppDelegate.m; sourceTree = "<group>"; };
		28FDAA2D2200566B005FE326 /* Base */ = {isa = PBXFileReference; lastKnownFileType = file.storyboard; name = Base; path = Base.lproj/Main.storyboard; sourceTree = "<group>"; };
		28FDAA2F22005671005FE326 /* Assets.xcassets */ = {isa = PBXFileReference; lastKnownFileType = folder.assetcatalog; path = Assets.xcassets; sourceTree = "<group>"; };
		28FDAA3222005671005FE326 /* Base */ = {isa = PBXFileReference; lastKnownFileType = file.storyboard; name = Base; path = Base.lproj/LaunchScreen.storyboard; sourceTree = "<group>"; };
		28FDAA3422005671005FE326 /* Info.plist */ = {isa = PBXFileReference; lastKnownFileType = text.plist.xml; path = Info.plist; sourceTree = "<group>"; };
		28FDAA3522005671005FE326 /* main.m */ = {isa = PBXFileReference; lastKnownFileType = sourcecode.c.objc; path = main.m; sourceTree = "<group>"; };
		28FDAA3C220056F5005FE326 /* MulticlassTableViewController.h */ = {isa = PBXFileReference; lastKnownFileType = sourcecode.c.h; path = MulticlassTableViewController.h; sourceTree = "<group>"; };
		28FDAA3D220056F5005FE326 /* MulticlassTableViewController.m */ = {isa = PBXFileReference; lastKnownFileType = sourcecode.c.objc; path = MulticlassTableViewController.m; sourceTree = "<group>"; };
		28FDAA3F22005ABC005FE326 /* BrownTableViewCell.h */ = {isa = PBXFileReference; lastKnownFileType = sourcecode.c.h; path = BrownTableViewCell.h; sourceTree = "<group>"; };
		28FDAA4022005ABC005FE326 /* BrownTableViewCell.m */ = {isa = PBXFileReference; lastKnownFileType = sourcecode.c.objc; path = BrownTableViewCell.m; sourceTree = "<group>"; };
		28FDAA4222007E15005FE326 /* Horse.h */ = {isa = PBXFileReference; lastKnownFileType = sourcecode.c.h; path = Horse.h; sourceTree = "<group>"; };
		28FDAA4322007E15005FE326 /* Horse.m */ = {isa = PBXFileReference; lastKnownFileType = sourcecode.c.objc; path = Horse.m; sourceTree = "<group>"; };
		28FDAA4522009E27005FE326 /* DetailViewController.h */ = {isa = PBXFileReference; lastKnownFileType = sourcecode.c.h; path = DetailViewController.h; sourceTree = "<group>"; };
		28FDAA4622009E27005FE326 /* DetailViewController.m */ = {isa = PBXFileReference; lastKnownFileType = sourcecode.c.objc; path = DetailViewController.m; sourceTree = "<group>"; };
		28FDAA482201A588005FE326 /* SwitchTableViewCell.h */ = {isa = PBXFileReference; lastKnownFileType = sourcecode.c.h; path = SwitchTableViewCell.h; sourceTree = "<group>"; };
		28FDAA492201A588005FE326 /* SwitchTableViewCell.m */ = {isa = PBXFileReference; lastKnownFileType = sourcecode.c.objc; path = SwitchTableViewCell.m; sourceTree = "<group>"; };
/* End PBXFileReference section */

/* Begin PBXFrameworksBuildPhase section */
		28FDAA202200566B005FE326 /* Frameworks */ = {
			isa = PBXFrameworksBuildPhase;
			buildActionMask = 2147483647;
			files = (
			);
			runOnlyForDeploymentPostprocessing = 0;
		};
/* End PBXFrameworksBuildPhase section */

/* Begin PBXGroup section */
		28FDAA1A2200566B005FE326 = {
			isa = PBXGroup;
			children = (
				28FDAA252200566B005FE326 /* MulticlassTable */,
				28FDAA242200566B005FE326 /* Products */,
			);
			sourceTree = "<group>";
		};
		28FDAA242200566B005FE326 /* Products */ = {
			isa = PBXGroup;
			children = (
				28FDAA232200566B005FE326 /* MulticlassTable.app */,
			);
			name = Products;
			sourceTree = "<group>";
		};
		28FDAA252200566B005FE326 /* MulticlassTable */ = {
			isa = PBXGroup;
			children = (
				28FDAA262200566B005FE326 /* AppDelegate.h */,
				28FDAA272200566B005FE326 /* AppDelegate.m */,
				28FDAA2F22005671005FE326 /* Assets.xcassets */,
				28FDAA3F22005ABC005FE326 /* BrownTableViewCell.h */,
				28FDAA4022005ABC005FE326 /* BrownTableViewCell.m */,
				28FDAA4522009E27005FE326 /* DetailViewController.h */,
				28FDAA4622009E27005FE326 /* DetailViewController.m */,
				28FDAA4222007E15005FE326 /* Horse.h */,
				28FDAA4322007E15005FE326 /* Horse.m */,
				28FDAA3422005671005FE326 /* Info.plist */,
				28FDAA3122005671005FE326 /* LaunchScreen.storyboard */,
				28FDAA3522005671005FE326 /* main.m */,
				28FDAA2C2200566B005FE326 /* Main.storyboard */,
				28FDAA3C220056F5005FE326 /* MulticlassTableViewController.h */,
				28FDAA3D220056F5005FE326 /* MulticlassTableViewController.m */,
				28FDAA482201A588005FE326 /* SwitchTableViewCell.h */,
				28FDAA492201A588005FE326 /* SwitchTableViewCell.m */,
			);
			path = MulticlassTable;
			sourceTree = "<group>";
		};
/* End PBXGroup section */

/* Begin PBXNativeTarget section */
		28FDAA222200566B005FE326 /* MulticlassTable */ = {
			isa = PBXNativeTarget;
			buildConfigurationList = 28FDAA3922005671005FE326 /* Build configuration list for PBXNativeTarget "MulticlassTable" */;
			buildPhases = (
				28FDAA1F2200566B005FE326 /* Sources */,
				28FDAA202200566B005FE326 /* Frameworks */,
				28FDAA212200566B005FE326 /* Resources */,
			);
			buildRules = (
			);
			dependencies = (
			);
			name = MulticlassTable;
			productName = MulticlassTable;
			productReference = 28FDAA232200566B005FE326 /* MulticlassTable.app */;
			productType = "com.apple.product-type.application";
		};
/* End PBXNativeTarget section */

/* Begin PBXProject section */
		28FDAA1B2200566B005FE326 /* Project object */ = {
			isa = PBXProject;
			attributes = {
				LastUpgradeCheck = 0940;
				ORGANIZATIONNAME = "The App Factory AB";
				TargetAttributes = {
					28FDAA222200566B005FE326 = {
						CreatedOnToolsVersion = 9.4.1;
					};
				};
			};
			buildConfigurationList = 28FDAA1E2200566B005FE326 /* Build configuration list for PBXProject "MulticlassTable" */;
			compatibilityVersion = "Xcode 9.3";
			developmentRegion = en;
			hasScannedForEncodings = 0;
			knownRegions = (
				en,
				Base,
			);
			mainGroup = 28FDAA1A2200566B005FE326;
			productRefGroup = 28FDAA242200566B005FE326 /* Products */;
			projectDirPath = "";
			projectRoot = "";
			targets = (
				28FDAA222200566B005FE326 /* MulticlassTable */,
			);
		};
/* End PBXProject section */

/* Begin PBXResourcesBuildPhase section */
		28FDAA212200566B005FE326 /* Resources */ = {
			isa = PBXResourcesBuildPhase;
			buildActionMask = 2147483647;
			files = (
				28FDAA3322005671005FE326 /* LaunchScreen.storyboard in Resources */,
				28FDAA3022005671005FE326 /* Assets.xcassets in Resources */,
				28FDAA2E2200566B005FE326 /* Main.storyboard in Resources */,
			);
			runOnlyForDeploymentPostprocessing = 0;
		};
/* End PBXResourcesBuildPhase section */

/* Begin PBXSourcesBuildPhase section */
		28FDAA1F2200566B005FE326 /* Sources */ = {
			isa = PBXSourcesBuildPhase;
			buildActionMask = 2147483647;
			files = (
				28FDAA3622005671005FE326 /* main.m in Sources */,
				28FDAA4422007E15005FE326 /* Horse.m in Sources */,
				28FDAA3E220056F5005FE326 /* MulticlassTableViewController.m in Sources */,
				28FDAA4122005ABC005FE326 /* BrownTableViewCell.m in Sources */,
				28FDAA282200566B005FE326 /* AppDelegate.m in Sources */,
				28FDAA4722009E27005FE326 /* DetailViewController.m in Sources */,
				28FDAA4A2201A588005FE326 /* SwitchTableViewCell.m in Sources */,
			);
			runOnlyForDeploymentPostprocessing = 0;
		};
/* End PBXSourcesBuildPhase section */

/* Begin PBXVariantGroup section */
		28FDAA2C2200566B005FE326 /* Main.storyboard */ = {
			isa = PBXVariantGroup;
			children = (
				28FDAA2D2200566B005FE326 /* Base */,
			);
			name = Main.storyboard;
			sourceTree = "<group>";
		};
		28FDAA3122005671005FE326 /* LaunchScreen.storyboard */ = {
			isa = PBXVariantGroup;
			children = (
				28FDAA3222005671005FE326 /* Base */,
			);
			name = LaunchScreen.storyboard;
			sourceTree = "<group>";
		};
/* End PBXVariantGroup section */

/* Begin XCBuildConfiguration section */
		28FDAA3722005671005FE326 /* Debug */ = {
			isa = XCBuildConfiguration;
			buildSettings = {
				ALWAYS_SEARCH_USER_PATHS = NO;
				CLANG_ANALYZER_NONNULL = YES;
				CLANG_ANALYZER_NUMBER_OBJECT_CONVERSION = YES_AGGRESSIVE;
				CLANG_CXX_LANGUAGE_STANDARD = "gnu++14";
				CLANG_CXX_LIBRARY = "libc++";
				CLANG_ENABLE_MODULES = YES;
				CLANG_ENABLE_OBJC_ARC = YES;
				CLANG_ENABLE_OBJC_WEAK = YES;
				CLANG_WARN_BLOCK_CAPTURE_AUTORELEASING = YES;
				CLANG_WARN_BOOL_CONVERSION = YES;
				CLANG_WARN_COMMA = YES;
				CLANG_WARN_CONSTANT_CONVERSION = YES;
				CLANG_WARN_DEPRECATED_OBJC_IMPLEMENTATIONS = YES;
				CLANG_WARN_DIRECT_OBJC_ISA_USAGE = YES_ERROR;
				CLANG_WARN_DOCUMENTATION_COMMENTS = YES;
				CLANG_WARN_EMPTY_BODY = YES;
				CLANG_WARN_ENUM_CONVERSION = YES;
				CLANG_WARN_INFINITE_RECURSION = YES;
				CLANG_WARN_INT_CONVERSION = YES;
				CLANG_WARN_NON_LITERAL_NULL_CONVERSION = YES;
				CLANG_WARN_OBJC_IMPLICIT_RETAIN_SELF = YES;
				CLANG_WARN_OBJC_LITERAL_CONVERSION = YES;
				CLANG_WARN_OBJC_ROOT_CLASS = YES_ERROR;
				CLANG_WARN_RANGE_LOOP_ANALYSIS = YES;
				CLANG_WARN_STRICT_PROTOTYPES = YES;
				CLANG_WARN_SUSPICIOUS_MOVE = YES;
				CLANG_WARN_UNGUARDED_AVAILABILITY = YES_AGGRESSIVE;
				CLANG_WARN_UNREACHABLE_CODE = YES;
				CLANG_WARN__DUPLICATE_METHOD_MATCH = YES;
				CODE_SIGN_IDENTITY = "iPhone Developer";
				COPY_PHASE_STRIP = NO;
				DEBUG_INFORMATION_FORMAT = dwarf;
				ENABLE_STRICT_OBJC_MSGSEND = YES;
				ENABLE_TESTABILITY = YES;
				GCC_C_LANGUAGE_STANDARD = gnu11;
				GCC_DYNAMIC_NO_PIC = NO;
				GCC_NO_COMMON_BLOCKS = YES;
				GCC_OPTIMIZATION_LEVEL = 0;
				GCC_PREPROCESSOR_DEFINITIONS = (
					"DEBUG=1",
					"$(inherited)",
				);
				GCC_WARN_64_TO_32_BIT_CONVERSION = YES;
				GCC_WARN_ABOUT_RETURN_TYPE = YES_ERROR;
				GCC_WARN_UNDECLARED_SELECTOR = YES;
				GCC_WARN_UNINITIALIZED_AUTOS = YES_AGGRESSIVE;
				GCC_WARN_UNUSED_FUNCTION = YES;
				GCC_WARN_UNUSED_VARIABLE = YES;
				IPHONEOS_DEPLOYMENT_TARGET = 11.4;
				MTL_ENABLE_DEBUG_INFO = YES;
				ONLY_ACTIVE_ARCH = YES;
				SDKROOT = iphoneos;
			};
			name = Debug;
		};
		28FDAA3822005671005FE326 /* Release */ = {
			isa = XCBuildConfiguration;
			buildSettings = {
				ALWAYS_SEARCH_USER_PATHS = NO;
				CLANG_ANALYZER_NONNULL = YES;
				CLANG_ANALYZER_NUMBER_OBJECT_CONVERSION = YES_AGGRESSIVE;
				CLANG_CXX_LANGUAGE_STANDARD = "gnu++14";
				CLANG_CXX_LIBRARY = "libc++";
				CLANG_ENABLE_MODULES = YES;
				CLANG_ENABLE_OBJC_ARC = YES;
				CLANG_ENABLE_OBJC_WEAK = YES;
				CLANG_WARN_BLOCK_CAPTURE_AUTORELEASING = YES;
				CLANG_WARN_BOOL_CONVERSION = YES;
				CLANG_WARN_COMMA = YES;
				CLANG_WARN_CONSTANT_CONVERSION = YES;
				CLANG_WARN_DEPRECATED_OBJC_IMPLEMENTATIONS = YES;
				CLANG_WARN_DIRECT_OBJC_ISA_USAGE = YES_ERROR;
				CLANG_WARN_DOCUMENTATION_COMMENTS = YES;
				CLANG_WARN_EMPTY_BODY = YES;
				CLANG_WARN_ENUM_CONVERSION = YES;
				CLANG_WARN_INFINITE_RECURSION = YES;
				CLANG_WARN_INT_CONVERSION = YES;
				CLANG_WARN_NON_LITERAL_NULL_CONVERSION = YES;
				CLANG_WARN_OBJC_IMPLICIT_RETAIN_SELF = YES;
				CLANG_WARN_OBJC_LITERAL_CONVERSION = YES;
				CLANG_WARN_OBJC_ROOT_CLASS = YES_ERROR;
				CLANG_WARN_RANGE_LOOP_ANALYSIS = YES;
				CLANG_WARN_STRICT_PROTOTYPES = YES;
				CLANG_WARN_SUSPICIOUS_MOVE = YES;
				CLANG_WARN_UNGUARDED_AVAILABILITY = YES_AGGRESSIVE;
				CLANG_WARN_UNREACHABLE_CODE = YES;
				CLANG_WARN__DUPLICATE_METHOD_MATCH = YES;
				CODE_SIGN_IDENTITY = "iPhone Developer";
				COPY_PHASE_STRIP = NO;
				DEBUG_INFORMATION_FORMAT = "dwarf-with-dsym";
				ENABLE_NS_ASSERTIONS = NO;
				ENABLE_STRICT_OBJC_MSGSEND = YES;
				GCC_C_LANGUAGE_STANDARD = gnu11;
				GCC_NO_COMMON_BLOCKS = YES;
				GCC_WARN_64_TO_32_BIT_CONVERSION = YES;
				GCC_WARN_ABOUT_RETURN_TYPE = YES_ERROR;
				GCC_WARN_UNDECLARED_SELECTOR = YES;
				GCC_WARN_UNINITIALIZED_AUTOS = YES_AGGRESSIVE;
				GCC_WARN_UNUSED_FUNCTION = YES;
				GCC_WARN_UNUSED_VARIABLE = YES;
				IPHONEOS_DEPLOYMENT_TARGET = 11.4;
				MTL_ENABLE_DEBUG_INFO = NO;
				SDKROOT = iphoneos;
				VALIDATE_PRODUCT = YES;
			};
			name = Release;
		};
		28FDAA3A22005671005FE326 /* Debug */ = {
			isa = XCBuildConfiguration;
			buildSettings = {
				ASSETCATALOG_COMPILER_APPICON_NAME = AppIcon;
				CODE_SIGN_STYLE = Automatic;
				DEVELOPMENT_TEAM = 7NDP9NC3QR;
				INFOPLIST_FILE = MulticlassTable/Info.plist;
				LD_RUNPATH_SEARCH_PATHS = (
					"$(inherited)",
					"@executable_path/Frameworks",
				);
				PRODUCT_BUNDLE_IDENTIFIER = se.theappfactory.MulticlassTable;
				PRODUCT_NAME = "$(TARGET_NAME)";
				TARGETED_DEVICE_FAMILY = "1,2";
			};
			name = Debug;
		};
		28FDAA3B22005671005FE326 /* Release */ = {
			isa = XCBuildConfiguration;
			buildSettings = {
				ASSETCATALOG_COMPILER_APPICON_NAME = AppIcon;
				CODE_SIGN_STYLE = Automatic;
				DEVELOPMENT_TEAM = 7NDP9NC3QR;
				INFOPLIST_FILE = MulticlassTable/Info.plist;
				LD_RUNPATH_SEARCH_PATHS = (
					"$(inherited)",
					"@executable_path/Frameworks",
				);
				PRODUCT_BUNDLE_IDENTIFIER = se.theappfactory.MulticlassTable;
				PRODUCT_NAME = "$(TARGET_NAME)";
				TARGETED_DEVICE_FAMILY = "1,2";
			};
			name = Release;
		};
/* End XCBuildConfiguration section */

/* Begin XCConfigurationList section */
		28FDAA1E2200566B005FE326 /* Build configuration list for PBXProject "MulticlassTable" */ = {
			isa = XCConfigurationList;
			buildConfigurations = (
				28FDAA3722005671005FE326 /* Debug */,
				28FDAA3822005671005FE326 /* Release */,
			);
			defaultConfigurationIsVisible = 0;
			defaultConfigurationName = Release;
		};
		28FDAA3922005671005FE326 /* Build configuration list for PBXNativeTarget "MulticlassTable" */ = {
			isa = XCConfigurationList;
			buildConfigurations = (
				28FDAA3A22005671005FE326 /* Debug */,
				28FDAA3B22005671005FE326 /* Release */,
			);
			defaultConfigurationIsVisible = 0;
			defaultConfigurationName = Release;
		};
/* End XCConfigurationList section */
	};
	rootObject = 28FDAA1B2200566B005FE326 /* Project object */;
}
